{
  "name": "dorkbin-forum",
  "version": "1.0.0",
  "lockfileVersion": 3,
  "requires": true,
  "packages": {
    "": {
      "name": "dorkbin-forum",
      "version": "1.0.0",
      "dependencies": {
        "@netlify/blobs": "^2.0.0"
      }
    },
    "node_modules/@netlify/blobs": {
      "version": "2.2.0",
      "resolved": "https://registry.npmjs.org/@netlify/blobs/-/blobs-2.2.0.tgz",
      "integrity": "sha512-j2C0+IvWj9CLNGPoiA7ETquMFDExZTrv4CarjfE6Au0eY3zlinnnTVae7DE+VQFK+U0CDM/O0VvelNy1QbsdwQ==",
      "license": "MIT",
      "engines": {
        "node": "^14.16.0 || >=16.0.0"
      }
    }
  }
}
